
Microsoft Visual Studio Solution File, Format Version 9.00
# Visual Studio 2005
Project("{FAE04EC0-301F-11D3-BF4B-00C04F79EFBC}") = "FollowThePointer", "FollowThePointer.csproj", "{89F6DAC0-5601-40D4-9E5C-84821B8BB761}"
EndProject
Global
	GlobalSection(SolutionConfigurationPlatforms) = preSolution
		Debug|Any CPU = Debug|Any CPU
	EndGlobalSection
	GlobalSection(ProjectConfigurationPlatforms) = postSolution
		{89F6DAC0-5601-40D4-9E5C-84821B8BB761}.Debug|Any CPU.ActiveCfg = Debug|Any CPU
		{89F6DAC0-5601-40D4-9E5C-84821B8BB761}.Debug|Any CPU.Build.0 = Debug|Any CPU
	EndGlobalSection
	GlobalSection(SolutionProperties) = preSolution
		HideSolutionNode = FALSE
	EndGlobalSection
EndGlobal
