
Microsoft Visual Studio Solution File, Format Version 9.00
# Visual Studio 2005
Project("{FAE04EC0-301F-11D3-BF4B-00C04F79EFBC}") = "RoutedEventCustomApp", "RoutedEventCustomApp.csproj", "{600E610B-E9D7-4622-A03C-FDCA47D976F4}"
EndProject
Global
	GlobalSection(SolutionConfigurationPlatforms) = preSolution
		Debug|Any CPU = Debug|Any CPU
	EndGlobalSection
	GlobalSection(ProjectConfigurationPlatforms) = postSolution
		{600E610B-E9D7-4622-A03C-FDCA47D976F4}.Debug|Any CPU.ActiveCfg = Debug|Any CPU
		{600E610B-E9D7-4622-A03C-FDCA47D976F4}.Debug|Any CPU.Build.0 = Debug|Any CPU
	EndGlobalSection
	GlobalSection(SolutionProperties) = preSolution
		HideSolutionNode = FALSE
	EndGlobalSection
EndGlobal
