
Microsoft Visual Studio Solution File, Format Version 9.00
# Visual C# Express 2005
Project("{FAE04EC0-301F-11D3-BF4B-00C04F79EFBC}") = "StockGraph3D", "StockGraph3D.csproj", "{0B99C76C-9527-4AC2-BE1E-5582FD884AFE}"
	ProjectSection(ProjectDependencies) = postProject
		{357E5F4C-A183-496E-B55B-E3860FD45DA6} = {357E5F4C-A183-496E-B55B-E3860FD45DA6}
	EndProjectSection
EndProject
Project("{FAE04EC0-301F-11D3-BF4B-00C04F79EFBC}") = "Graph3D", "3DControls\Graph3D\Graph3D.csproj", "{6A69567C-877F-4BC1-ABA6-8E084C1919AF}"
	ProjectSection(ProjectDependencies) = postProject
		{967FBA31-3B8E-4657-98D1-4B2410C2032E} = {967FBA31-3B8E-4657-98D1-4B2410C2032E}
		{357E5F4C-A183-496E-B55B-E3860FD45DA6} = {357E5F4C-A183-496E-B55B-E3860FD45DA6}
	EndProjectSection
EndProject
Project("{FAE04EC0-301F-11D3-BF4B-00C04F79EFBC}") = "ControlLibrary", "3DControls\ControlLibrary\ControlLibrary.csproj", "{357E5F4C-A183-496E-B55B-E3860FD45DA6}"
EndProject
Project("{FAE04EC0-301F-11D3-BF4B-00C04F79EFBC}") = "Mesh3DObjects", "3DControls\Mesh3DObjects\Mesh3DObjects.csproj", "{967FBA31-3B8E-4657-98D1-4B2410C2032E}"
EndProject
Global
	GlobalSection(SolutionConfigurationPlatforms) = preSolution
		Debug|Any CPU = Debug|Any CPU
		Release|Any CPU = Release|Any CPU
	EndGlobalSection
	GlobalSection(ProjectConfigurationPlatforms) = postSolution
		{0B99C76C-9527-4AC2-BE1E-5582FD884AFE}.Debug|Any CPU.ActiveCfg = Debug|Any CPU
		{0B99C76C-9527-4AC2-BE1E-5582FD884AFE}.Debug|Any CPU.Build.0 = Debug|Any CPU
		{0B99C76C-9527-4AC2-BE1E-5582FD884AFE}.Release|Any CPU.ActiveCfg = Release|Any CPU
		{0B99C76C-9527-4AC2-BE1E-5582FD884AFE}.Release|Any CPU.Build.0 = Release|Any CPU
		{6A69567C-877F-4BC1-ABA6-8E084C1919AF}.Debug|Any CPU.ActiveCfg = Debug|Any CPU
		{6A69567C-877F-4BC1-ABA6-8E084C1919AF}.Debug|Any CPU.Build.0 = Debug|Any CPU
		{6A69567C-877F-4BC1-ABA6-8E084C1919AF}.Release|Any CPU.ActiveCfg = Release|Any CPU
		{6A69567C-877F-4BC1-ABA6-8E084C1919AF}.Release|Any CPU.Build.0 = Release|Any CPU
		{357E5F4C-A183-496E-B55B-E3860FD45DA6}.Debug|Any CPU.ActiveCfg = Debug|Any CPU
		{357E5F4C-A183-496E-B55B-E3860FD45DA6}.Debug|Any CPU.Build.0 = Debug|Any CPU
		{357E5F4C-A183-496E-B55B-E3860FD45DA6}.Release|Any CPU.ActiveCfg = Release|Any CPU
		{357E5F4C-A183-496E-B55B-E3860FD45DA6}.Release|Any CPU.Build.0 = Release|Any CPU
		{967FBA31-3B8E-4657-98D1-4B2410C2032E}.Debug|Any CPU.ActiveCfg = Debug|Any CPU
		{967FBA31-3B8E-4657-98D1-4B2410C2032E}.Debug|Any CPU.Build.0 = Debug|Any CPU
		{967FBA31-3B8E-4657-98D1-4B2410C2032E}.Release|Any CPU.ActiveCfg = Release|Any CPU
		{967FBA31-3B8E-4657-98D1-4B2410C2032E}.Release|Any CPU.Build.0 = Release|Any CPU
	EndGlobalSection
	GlobalSection(SolutionProperties) = preSolution
		HideSolutionNode = FALSE
	EndGlobalSection
EndGlobal
