
Microsoft Visual Studio Solution File, Format Version 9.00
# Visual Studio 2005
Project("{FAE04EC0-301F-11D3-BF4B-00C04F79EFBC}") = "Video", "Video.csproj", "{0B99C76C-9527-4AC2-BE1E-5582FD884AFE}"
	ProjectSection(ProjectDependencies) = postProject
		{6A69567C-877F-4BC1-ABA6-8E084C1919AF} = {6A69567C-877F-4BC1-ABA6-8E084C1919AF}
	EndProjectSection
EndProject
Project("{FAE04EC0-301F-11D3-BF4B-00C04F79EFBC}") = "Mesh3DObjects", "3DControls\Mesh3DObjects\Mesh3DObjects.csproj", "{6A69567C-877F-4BC1-ABA6-8E084C1919AF}"
EndProject
Global
	GlobalSection(SolutionConfigurationPlatforms) = preSolution
		Debug|Any CPU = Debug|Any CPU
		Release|Any CPU = Release|Any CPU
	EndGlobalSection
	GlobalSection(ProjectConfigurationPlatforms) = postSolution
		{0B99C76C-9527-4AC2-BE1E-5582FD884AFE}.Debug|Any CPU.ActiveCfg = Debug|Any CPU
		{0B99C76C-9527-4AC2-BE1E-5582FD884AFE}.Debug|Any CPU.Build.0 = Debug|Any CPU
		{0B99C76C-9527-4AC2-BE1E-5582FD884AFE}.Release|Any CPU.ActiveCfg = Release|Any CPU
		{0B99C76C-9527-4AC2-BE1E-5582FD884AFE}.Release|Any CPU.Build.0 = Release|Any CPU
		{6A69567C-877F-4BC1-ABA6-8E084C1919AF}.Debug|Any CPU.ActiveCfg = Debug|Any CPU
		{6A69567C-877F-4BC1-ABA6-8E084C1919AF}.Debug|Any CPU.Build.0 = Debug|Any CPU
		{6A69567C-877F-4BC1-ABA6-8E084C1919AF}.Release|Any CPU.ActiveCfg = Release|Any CPU
		{6A69567C-877F-4BC1-ABA6-8E084C1919AF}.Release|Any CPU.Build.0 = Release|Any CPU
	EndGlobalSection
	GlobalSection(SolutionProperties) = preSolution
		HideSolutionNode = FALSE
	EndGlobalSection
EndGlobal
