
Microsoft Visual Studio Solution File, Format Version 10.00
# Visual Studio 2008
Project("{FAE04EC0-301F-11D3-BF4B-00C04F79EFBC}") = "WPFMitsuControls", "WPFMitsuControls\WPFMitsuControls.csproj", "{DBC99C0E-F918-4E3B-B154-C03E212D8ACA}"
EndProject
Project("{FAE04EC0-301F-11D3-BF4B-00C04F79EFBC}") = "BookDemoApp", "BookDemoApp\BookDemoApp.csproj", "{747C6317-54A2-44AF-A0CF-DC385204B540}"
EndProject
Global
	GlobalSection(TeamFoundationVersionControl) = preSolution
		SccNumberOfProjects = 3
		SccEnterpriseProvider = {4CA58AB2-18FA-4F8D-95D4-32DDF27D184C}
		SccTeamFoundationServer = https://tfs03.codeplex.com/
		SccLocalPath0 = .
		SccProjectUniqueName1 = WPFMitsuControls\\WPFMitsuControls.csproj
		SccProjectName1 = WPFMitsuControls
		SccLocalPath1 = WPFMitsuControls
		SccProjectUniqueName2 = BookDemoApp\\BookDemoApp.csproj
		SccProjectName2 = BookDemoApp
		SccLocalPath2 = BookDemoApp
	EndGlobalSection
	GlobalSection(SolutionConfigurationPlatforms) = preSolution
		Debug|Any CPU = Debug|Any CPU
		Release|Any CPU = Release|Any CPU
	EndGlobalSection
	GlobalSection(ProjectConfigurationPlatforms) = postSolution
		{DBC99C0E-F918-4E3B-B154-C03E212D8ACA}.Debug|Any CPU.ActiveCfg = Debug|Any CPU
		{DBC99C0E-F918-4E3B-B154-C03E212D8ACA}.Debug|Any CPU.Build.0 = Debug|Any CPU
		{DBC99C0E-F918-4E3B-B154-C03E212D8ACA}.Release|Any CPU.ActiveCfg = Release|Any CPU
		{DBC99C0E-F918-4E3B-B154-C03E212D8ACA}.Release|Any CPU.Build.0 = Release|Any CPU
		{747C6317-54A2-44AF-A0CF-DC385204B540}.Debug|Any CPU.ActiveCfg = Debug|Any CPU
		{747C6317-54A2-44AF-A0CF-DC385204B540}.Debug|Any CPU.Build.0 = Debug|Any CPU
		{747C6317-54A2-44AF-A0CF-DC385204B540}.Release|Any CPU.ActiveCfg = Release|Any CPU
		{747C6317-54A2-44AF-A0CF-DC385204B540}.Release|Any CPU.Build.0 = Release|Any CPU
	EndGlobalSection
	GlobalSection(SolutionProperties) = preSolution
		HideSolutionNode = FALSE
	EndGlobalSection
EndGlobal
