
Microsoft Visual Studio Solution File, Format Version 9.00
# Visual Studio 2005
Project("{FAE04EC0-301F-11D3-BF4B-00C04F79EFBC}") = "Width_MinWidth_MaxWidth_CSharp", "Width_MinWidth_MaxWidth_CSharp.csproj", "{4287D2C2-583E-41A3-AB47-5008C3730258}"
EndProject
Global
	GlobalSection(SolutionConfigurationPlatforms) = preSolution
		Debug|Any CPU = Debug|Any CPU
	EndGlobalSection
	GlobalSection(ProjectConfigurationPlatforms) = postSolution
		{4287D2C2-583E-41A3-AB47-5008C3730258}.Debug|Any CPU.ActiveCfg = Debug|Any CPU
		{4287D2C2-583E-41A3-AB47-5008C3730258}.Debug|Any CPU.Build.0 = Debug|Any CPU
	EndGlobalSection
	GlobalSection(SolutionProperties) = preSolution
		HideSolutionNode = FALSE
	EndGlobalSection
EndGlobal
