
Microsoft Visual Studio Solution File, Format Version 9.00
# Visual Studio 2005
Project("{FAE04EC0-301F-11D3-BF4B-00C04F79EFBC}") = "SDKSampleLibrary", "SDKSampleLibrary.csproj", "{7C609811-3FCF-43B2-A331-1E51FF5E705A}"
EndProject
Global
	GlobalSection(SolutionConfigurationPlatforms) = preSolution
		Debug|Any CPU = Debug|Any CPU
	EndGlobalSection
	GlobalSection(ProjectConfigurationPlatforms) = postSolution
		{7C609811-3FCF-43B2-A331-1E51FF5E705A}.Debug|Any CPU.ActiveCfg = Debug|Any CPU
		{7C609811-3FCF-43B2-A331-1E51FF5E705A}.Debug|Any CPU.Build.0 = Debug|Any CPU
	EndGlobalSection
	GlobalSection(SolutionProperties) = preSolution
		HideSolutionNode = FALSE
	EndGlobalSection
EndGlobal
