
Microsoft Visual Studio Solution File, Format Version 10.00
# Visual Studio 2008
Project("{FAE04EC0-301F-11D3-BF4B-00C04F79EFBC}") = "BlendStyleTest", "BlendStyleTest.csproj", "{A241B571-A354-4AEF-9967-CE012DE9A57B}"
EndProject
Global
	GlobalSection(SolutionConfigurationPlatforms) = preSolution
		Debug|Any CPU = Debug|Any CPU
		Release|Any CPU = Release|Any CPU
	EndGlobalSection
	GlobalSection(ProjectConfigurationPlatforms) = postSolution
		{A241B571-A354-4AEF-9967-CE012DE9A57B}.Debug|Any CPU.ActiveCfg = Debug|Any CPU
		{A241B571-A354-4AEF-9967-CE012DE9A57B}.Debug|Any CPU.Build.0 = Debug|Any CPU
		{A241B571-A354-4AEF-9967-CE012DE9A57B}.Release|Any CPU.ActiveCfg = Release|Any CPU
		{A241B571-A354-4AEF-9967-CE012DE9A57B}.Release|Any CPU.Build.0 = Release|Any CPU
	EndGlobalSection
EndGlobal
