
Microsoft Visual Studio Solution File, Format Version 9.00
# Visual Studio 2005
Project("{FAE04EC0-301F-11D3-BF4B-00C04F79EFBC}") = "BreadCrumbControl", "BreadCrumbControl\BreadCrumbControl.csproj", "{22C88D76-FE51-483D-9A93-138252FE9B9F}"
EndProject
Project("{FAE04EC0-301F-11D3-BF4B-00C04F79EFBC}") = "TestBreadCrumbControl", "TestBreadCrumbControl\TestBreadCrumbControl.csproj", "{AC949545-0E63-442A-B9D5-4748671B93ED}"
EndProject
Global
	GlobalSection(SolutionConfigurationPlatforms) = preSolution
		Debug|Any CPU = Debug|Any CPU
		Release|Any CPU = Release|Any CPU
	EndGlobalSection
	GlobalSection(ProjectConfigurationPlatforms) = postSolution
		{22C88D76-FE51-483D-9A93-138252FE9B9F}.Debug|Any CPU.ActiveCfg = Debug|Any CPU
		{22C88D76-FE51-483D-9A93-138252FE9B9F}.Debug|Any CPU.Build.0 = Debug|Any CPU
		{22C88D76-FE51-483D-9A93-138252FE9B9F}.Release|Any CPU.ActiveCfg = Release|Any CPU
		{22C88D76-FE51-483D-9A93-138252FE9B9F}.Release|Any CPU.Build.0 = Release|Any CPU
		{AC949545-0E63-442A-B9D5-4748671B93ED}.Debug|Any CPU.ActiveCfg = Debug|Any CPU
		{AC949545-0E63-442A-B9D5-4748671B93ED}.Debug|Any CPU.Build.0 = Debug|Any CPU
		{AC949545-0E63-442A-B9D5-4748671B93ED}.Release|Any CPU.ActiveCfg = Release|Any CPU
		{AC949545-0E63-442A-B9D5-4748671B93ED}.Release|Any CPU.Build.0 = Release|Any CPU
	EndGlobalSection
	GlobalSection(SolutionProperties) = preSolution
		HideSolutionNode = FALSE
	EndGlobalSection
EndGlobal
