
Microsoft Visual Studio Solution File, Format Version 10.00
# Visual Studio 2008
Project("{FAE04EC0-301F-11D3-BF4B-00C04F79EFBC}") = "CubeApp", "CubeApp\CubeApp.csproj", "{20E82474-DEEF-4FAA-B1F3-AA9BFC452337}"
EndProject
Global
	GlobalSection(SolutionConfigurationPlatforms) = preSolution
		Debug|Any CPU = Debug|Any CPU
		Release|Any CPU = Release|Any CPU
		XBAP Debug|Any CPU = XBAP Debug|Any CPU
		XBAP Release|Any CPU = XBAP Release|Any CPU
	EndGlobalSection
	GlobalSection(ProjectConfigurationPlatforms) = postSolution
		{20E82474-DEEF-4FAA-B1F3-AA9BFC452337}.Debug|Any CPU.ActiveCfg = Debug|Any CPU
		{20E82474-DEEF-4FAA-B1F3-AA9BFC452337}.Debug|Any CPU.Build.0 = Debug|Any CPU
		{20E82474-DEEF-4FAA-B1F3-AA9BFC452337}.Release|Any CPU.ActiveCfg = Release|Any CPU
		{20E82474-DEEF-4FAA-B1F3-AA9BFC452337}.Release|Any CPU.Build.0 = Release|Any CPU
		{20E82474-DEEF-4FAA-B1F3-AA9BFC452337}.XBAP Debug|Any CPU.ActiveCfg = XBAP Debug|Any CPU
		{20E82474-DEEF-4FAA-B1F3-AA9BFC452337}.XBAP Debug|Any CPU.Build.0 = XBAP Debug|Any CPU
		{20E82474-DEEF-4FAA-B1F3-AA9BFC452337}.XBAP Release|Any CPU.ActiveCfg = XBAP Release|Any CPU
		{20E82474-DEEF-4FAA-B1F3-AA9BFC452337}.XBAP Release|Any CPU.Build.0 = XBAP Release|Any CPU
	EndGlobalSection
	GlobalSection(SolutionProperties) = preSolution
		HideSolutionNode = FALSE
	EndGlobalSection
EndGlobal
