
Microsoft Visual Studio Solution File, Format Version 10.00
# Visual Studio 2008
Project("{FAE04EC0-301F-11D3-BF4B-00C04F79EFBC}") = "Selector3D", "Selector3D.csproj", "{9BB1CE21-5426-4DE0-86B8-790CBFD16F6C}"
EndProject
Project("{FAE04EC0-301F-11D3-BF4B-00C04F79EFBC}") = "Test", "Test\Test.csproj", "{847012F6-8FDC-4133-97C8-DAC92FE3464D}"
EndProject
Global
	GlobalSection(SolutionConfigurationPlatforms) = preSolution
		Debug|Any CPU = Debug|Any CPU
		Release|Any CPU = Release|Any CPU
	EndGlobalSection
	GlobalSection(ProjectConfigurationPlatforms) = postSolution
		{9BB1CE21-5426-4DE0-86B8-790CBFD16F6C}.Debug|Any CPU.ActiveCfg = Debug|Any CPU
		{9BB1CE21-5426-4DE0-86B8-790CBFD16F6C}.Debug|Any CPU.Build.0 = Debug|Any CPU
		{9BB1CE21-5426-4DE0-86B8-790CBFD16F6C}.Release|Any CPU.ActiveCfg = Release|Any CPU
		{9BB1CE21-5426-4DE0-86B8-790CBFD16F6C}.Release|Any CPU.Build.0 = Release|Any CPU
		{847012F6-8FDC-4133-97C8-DAC92FE3464D}.Debug|Any CPU.ActiveCfg = Debug|Any CPU
		{847012F6-8FDC-4133-97C8-DAC92FE3464D}.Debug|Any CPU.Build.0 = Debug|Any CPU
		{847012F6-8FDC-4133-97C8-DAC92FE3464D}.Release|Any CPU.ActiveCfg = Release|Any CPU
		{847012F6-8FDC-4133-97C8-DAC92FE3464D}.Release|Any CPU.Build.0 = Release|Any CPU
	EndGlobalSection
	GlobalSection(SolutionProperties) = preSolution
		HideSolutionNode = FALSE
	EndGlobalSection
EndGlobal
