
Microsoft Visual Studio Solution File, Format Version 9.00
# Visual Studio 2005
Project("{FAE04EC0-301F-11D3-BF4B-00C04F79EFBC}") = "TextBoxWithOpenTypeMenu", "TextBoxWithOpenTypeMenu.csproj", "{787D9A18-CEC1-40C7-94F5-CE45785A0EE1}"
EndProject
Global
	GlobalSection(SolutionConfigurationPlatforms) = preSolution
		Debug|Any CPU = Debug|Any CPU
		Release|Any CPU = Release|Any CPU
	EndGlobalSection
	GlobalSection(ProjectConfigurationPlatforms) = postSolution
		{787D9A18-CEC1-40C7-94F5-CE45785A0EE1}.Debug|Any CPU.ActiveCfg = Debug|Any CPU
		{787D9A18-CEC1-40C7-94F5-CE45785A0EE1}.Debug|Any CPU.Build.0 = Debug|Any CPU
		{787D9A18-CEC1-40C7-94F5-CE45785A0EE1}.Release|Any CPU.ActiveCfg = Release|Any CPU
		{787D9A18-CEC1-40C7-94F5-CE45785A0EE1}.Release|Any CPU.Build.0 = Release|Any CPU
	EndGlobalSection
	GlobalSection(SolutionProperties) = preSolution
		HideSolutionNode = FALSE
	EndGlobalSection
EndGlobal
