
Microsoft Visual Studio Solution File, Format Version 10.00
# Visual Studio 2008
Project("{FAE04EC0-301F-11D3-BF4B-00C04F79EFBC}") = "WpfBootcampDemo", "WpfBootcampDemo\WpfBootcampDemo.csproj", "{D20AFE1A-6732-40E9-B082-57C6B21281D3}"
EndProject
Project("{FAE04EC0-301F-11D3-BF4B-00C04F79EFBC}") = "UnitTests", "UnitTests\UnitTests.csproj", "{651A5EF2-C75E-487B-88EA-09C49854A644}"
EndProject
Project("{2150E333-8FDC-42A3-9474-1A3956D46DE8}") = "Solution Items", "Solution Items", "{137C6A1E-457E-4539-9186-8C30247A6E15}"
	ProjectSection(SolutionItems) = preProject
		LocalTestRun.testrunconfig = LocalTestRun.testrunconfig
		WpfBootcampDemo.vsmdi = WpfBootcampDemo.vsmdi
	EndProjectSection
EndProject
Global
	GlobalSection(SolutionConfigurationPlatforms) = preSolution
		Debug|Any CPU = Debug|Any CPU
		Release|Any CPU = Release|Any CPU
	EndGlobalSection
	GlobalSection(ProjectConfigurationPlatforms) = postSolution
		{D20AFE1A-6732-40E9-B082-57C6B21281D3}.Debug|Any CPU.ActiveCfg = Debug|Any CPU
		{D20AFE1A-6732-40E9-B082-57C6B21281D3}.Debug|Any CPU.Build.0 = Debug|Any CPU
		{D20AFE1A-6732-40E9-B082-57C6B21281D3}.Release|Any CPU.ActiveCfg = Release|Any CPU
		{D20AFE1A-6732-40E9-B082-57C6B21281D3}.Release|Any CPU.Build.0 = Release|Any CPU
		{651A5EF2-C75E-487B-88EA-09C49854A644}.Debug|Any CPU.ActiveCfg = Debug|Any CPU
		{651A5EF2-C75E-487B-88EA-09C49854A644}.Debug|Any CPU.Build.0 = Debug|Any CPU
		{651A5EF2-C75E-487B-88EA-09C49854A644}.Release|Any CPU.ActiveCfg = Release|Any CPU
		{651A5EF2-C75E-487B-88EA-09C49854A644}.Release|Any CPU.Build.0 = Release|Any CPU
	EndGlobalSection
	GlobalSection(SolutionProperties) = preSolution
		HideSolutionNode = FALSE
	EndGlobalSection
	GlobalSection(NestedProjects) = preSolution
		{651A5EF2-C75E-487B-88EA-09C49854A644} = {137C6A1E-457E-4539-9186-8C30247A6E15}
	EndGlobalSection
EndGlobal
