
Microsoft Visual Studio Solution File, Format Version 9.00
# Visual Studio 2005
Project("{FAE04EC0-301F-11D3-BF4B-00C04F79EFBC}") = "AvalonFeatureFest", "AvalonFeatureFest\AvalonFeatureFest.csproj", "{E0E0D1A8-8A57-4B42-A1DC-1D598BE003C1}"
EndProject
Project("{FAE04EC0-301F-11D3-BF4B-00C04F79EFBC}") = "WPFSamplesLib", "WPFSamples - 2007-05-02\Library\WPFSamplesLib.csproj", "{E4BBC94F-B837-4668-A127-E36E6DE012F5}"
EndProject
Global
	GlobalSection(SolutionConfigurationPlatforms) = preSolution
		Debug|Any CPU = Debug|Any CPU
		Release|Any CPU = Release|Any CPU
	EndGlobalSection
	GlobalSection(ProjectConfigurationPlatforms) = postSolution
		{E0E0D1A8-8A57-4B42-A1DC-1D598BE003C1}.Debug|Any CPU.ActiveCfg = Debug|Any CPU
		{E0E0D1A8-8A57-4B42-A1DC-1D598BE003C1}.Debug|Any CPU.Build.0 = Debug|Any CPU
		{E0E0D1A8-8A57-4B42-A1DC-1D598BE003C1}.Release|Any CPU.ActiveCfg = Release|Any CPU
		{E0E0D1A8-8A57-4B42-A1DC-1D598BE003C1}.Release|Any CPU.Build.0 = Release|Any CPU
		{E4BBC94F-B837-4668-A127-E36E6DE012F5}.Debug|Any CPU.ActiveCfg = Debug|Any CPU
		{E4BBC94F-B837-4668-A127-E36E6DE012F5}.Debug|Any CPU.Build.0 = Debug|Any CPU
		{E4BBC94F-B837-4668-A127-E36E6DE012F5}.Release|Any CPU.ActiveCfg = Release|Any CPU
		{E4BBC94F-B837-4668-A127-E36E6DE012F5}.Release|Any CPU.Build.0 = Release|Any CPU
	EndGlobalSection
	GlobalSection(SolutionProperties) = preSolution
		HideSolutionNode = FALSE
	EndGlobalSection
EndGlobal
