
Microsoft Visual Studio Solution File, Format Version 10.00
# Visual Studio 2008
Project("{FAE04EC0-301F-11D3-BF4B-00C04F79EFBC}") = "hierarchicaldatatemplate", "hierarchicaldatatemplate.csproj", "{8A7AD640-8F5E-4BD5-A494-E4B444DFFACB}"
EndProject
Global
	GlobalSection(SolutionConfigurationPlatforms) = preSolution
		Debug|Any CPU = Debug|Any CPU
		Release|Any CPU = Release|Any CPU
	EndGlobalSection
	GlobalSection(ProjectConfigurationPlatforms) = postSolution
		{8A7AD640-8F5E-4BD5-A494-E4B444DFFACB}.Debug|Any CPU.ActiveCfg = Debug|Any CPU
		{8A7AD640-8F5E-4BD5-A494-E4B444DFFACB}.Debug|Any CPU.Build.0 = Debug|Any CPU
		{8A7AD640-8F5E-4BD5-A494-E4B444DFFACB}.Release|Any CPU.ActiveCfg = Release|Any CPU
		{8A7AD640-8F5E-4BD5-A494-E4B444DFFACB}.Release|Any CPU.Build.0 = Release|Any CPU
	EndGlobalSection
	GlobalSection(SolutionProperties) = preSolution
		HideSolutionNode = FALSE
	EndGlobalSection
EndGlobal
