
Microsoft Visual Studio Solution File, Format Version 9.00
# Visual Studio 2005
Project("{FAE04EC0-301F-11D3-BF4B-00C04F79EFBC}") = "PathGeo", "PathGeo\PathGeo.csproj", "{FBE5DD8B-BA4C-496C-B7AA-7079911D5AD8}"
EndProject
Global
	GlobalSection(SolutionConfigurationPlatforms) = preSolution
		Debug|Any CPU = Debug|Any CPU
		Release|Any CPU = Release|Any CPU
	EndGlobalSection
	GlobalSection(ProjectConfigurationPlatforms) = postSolution
		{FBE5DD8B-BA4C-496C-B7AA-7079911D5AD8}.Debug|Any CPU.ActiveCfg = Debug|Any CPU
		{FBE5DD8B-BA4C-496C-B7AA-7079911D5AD8}.Debug|Any CPU.Build.0 = Debug|Any CPU
		{FBE5DD8B-BA4C-496C-B7AA-7079911D5AD8}.Release|Any CPU.ActiveCfg = Release|Any CPU
		{FBE5DD8B-BA4C-496C-B7AA-7079911D5AD8}.Release|Any CPU.Build.0 = Release|Any CPU
	EndGlobalSection
	GlobalSection(SolutionProperties) = preSolution
		HideSolutionNode = FALSE
	EndGlobalSection
EndGlobal
