
Microsoft Visual Studio Solution File, Format Version 10.00
# Visual Studio 2008
Project("{8BC9CEB8-8B4A-11D0-8D11-00A0C91BC942}") = "animagionproperty_cpp", "animagionproperty_cpp.vcproj", "{1006019E-21B6-40FF-915C-EBB1C580417E}"
EndProject
Global
	GlobalSection(SolutionConfigurationPlatforms) = preSolution
		Debug|Win32 = Debug|Win32
		Release|Win32 = Release|Win32
	EndGlobalSection
	GlobalSection(ProjectConfigurationPlatforms) = postSolution
		{1006019E-21B6-40FF-915C-EBB1C580417E}.Debug|Win32.ActiveCfg = Debug|Win32
		{1006019E-21B6-40FF-915C-EBB1C580417E}.Debug|Win32.Build.0 = Debug|Win32
		{1006019E-21B6-40FF-915C-EBB1C580417E}.Release|Win32.ActiveCfg = Release|Win32
		{1006019E-21B6-40FF-915C-EBB1C580417E}.Release|Win32.Build.0 = Release|Win32
	EndGlobalSection
	GlobalSection(SolutionProperties) = preSolution
		HideSolutionNode = FALSE
	EndGlobalSection
EndGlobal
