
Microsoft Visual Studio Solution File, Format Version 9.00
# Visual Studio 2005
Project("{FAE04EC0-301F-11D3-BF4B-00C04F79EFBC}") = "ParallaxUi", "ParallaxUi\ParallaxUi.csproj", "{371CF9A8-7F85-45B7-A6B1-F349AB2A90F1}"
EndProject
Project("{FAE04EC0-301F-11D3-BF4B-00C04F79EFBC}") = "ParallaxUiTest", "ParallaxUiTest\ParallaxUiTest.csproj", "{5C66A425-3139-4B97-8F27-581EB737B7C0}"
EndProject
Project("{FAE04EC0-301F-11D3-BF4B-00C04F79EFBC}") = "ParallaxXbapTest", "ParallaxXbapTest\ParallaxXbapTest.csproj", "{E5FFF794-DB99-49C7-B970-1F76C1B9512E}"
EndProject
Global
	GlobalSection(SolutionConfigurationPlatforms) = preSolution
		Debug|Any CPU = Debug|Any CPU
		Release|Any CPU = Release|Any CPU
	EndGlobalSection
	GlobalSection(ProjectConfigurationPlatforms) = postSolution
		{371CF9A8-7F85-45B7-A6B1-F349AB2A90F1}.Debug|Any CPU.ActiveCfg = Debug|Any CPU
		{371CF9A8-7F85-45B7-A6B1-F349AB2A90F1}.Debug|Any CPU.Build.0 = Debug|Any CPU
		{371CF9A8-7F85-45B7-A6B1-F349AB2A90F1}.Release|Any CPU.ActiveCfg = Release|Any CPU
		{371CF9A8-7F85-45B7-A6B1-F349AB2A90F1}.Release|Any CPU.Build.0 = Release|Any CPU
		{5C66A425-3139-4B97-8F27-581EB737B7C0}.Debug|Any CPU.ActiveCfg = Debug|Any CPU
		{5C66A425-3139-4B97-8F27-581EB737B7C0}.Debug|Any CPU.Build.0 = Debug|Any CPU
		{5C66A425-3139-4B97-8F27-581EB737B7C0}.Release|Any CPU.ActiveCfg = Release|Any CPU
		{5C66A425-3139-4B97-8F27-581EB737B7C0}.Release|Any CPU.Build.0 = Release|Any CPU
		{E5FFF794-DB99-49C7-B970-1F76C1B9512E}.Debug|Any CPU.ActiveCfg = Debug|Any CPU
		{E5FFF794-DB99-49C7-B970-1F76C1B9512E}.Debug|Any CPU.Build.0 = Debug|Any CPU
		{E5FFF794-DB99-49C7-B970-1F76C1B9512E}.Release|Any CPU.ActiveCfg = Release|Any CPU
		{E5FFF794-DB99-49C7-B970-1F76C1B9512E}.Release|Any CPU.Build.0 = Release|Any CPU
	EndGlobalSection
	GlobalSection(SolutionProperties) = preSolution
		HideSolutionNode = FALSE
	EndGlobalSection
EndGlobal
