
Microsoft Visual Studio Solution File, Format Version 9.00
# Visual Studio 2005
Project("{FAE04EC0-301F-11D3-BF4B-00C04F79EFBC}") = "GlassWindow.Tester", "GlassWindow\GlassWindow.Tester.csproj", "{4919767B-48BF-4210-A08F-C74D94361B71}"
EndProject
Project("{FAE04EC0-301F-11D3-BF4B-00C04F79EFBC}") = "TheWpfWay.Controls", "Controls\TheWpfWay.Controls.csproj", "{B3995A9D-C9E8-4360-8A6A-7950602BD8B9}"
EndProject
Global
	GlobalSection(SolutionConfigurationPlatforms) = preSolution
		Debug|Any CPU = Debug|Any CPU
		Release|Any CPU = Release|Any CPU
	EndGlobalSection
	GlobalSection(ProjectConfigurationPlatforms) = postSolution
		{4919767B-48BF-4210-A08F-C74D94361B71}.Debug|Any CPU.ActiveCfg = Debug|Any CPU
		{4919767B-48BF-4210-A08F-C74D94361B71}.Debug|Any CPU.Build.0 = Debug|Any CPU
		{4919767B-48BF-4210-A08F-C74D94361B71}.Release|Any CPU.ActiveCfg = Release|Any CPU
		{4919767B-48BF-4210-A08F-C74D94361B71}.Release|Any CPU.Build.0 = Release|Any CPU
		{B3995A9D-C9E8-4360-8A6A-7950602BD8B9}.Debug|Any CPU.ActiveCfg = Debug|Any CPU
		{B3995A9D-C9E8-4360-8A6A-7950602BD8B9}.Debug|Any CPU.Build.0 = Debug|Any CPU
		{B3995A9D-C9E8-4360-8A6A-7950602BD8B9}.Release|Any CPU.ActiveCfg = Release|Any CPU
		{B3995A9D-C9E8-4360-8A6A-7950602BD8B9}.Release|Any CPU.Build.0 = Release|Any CPU
	EndGlobalSection
	GlobalSection(SolutionProperties) = preSolution
		HideSolutionNode = FALSE
	EndGlobalSection
EndGlobal
