
Microsoft Visual Studio Solution File, Format Version 10.00
# Visual Studio 2008
Project("{FAE04EC0-301F-11D3-BF4B-00C04F79EFBC}") = "WPFDeveloperTools.Controls", "WPFDeveloperTools.Controls\WPFDeveloperTools.Controls.csproj", "{66D70A94-7FCF-4BB5-895C-0786AC4E2866}"
EndProject
Project("{FAE04EC0-301F-11D3-BF4B-00C04F79EFBC}") = "WPFDeveloperTools.Controls.SampleApp", "WPFDeveloperTools.Controls.SampleApp\WPFDeveloperTools.Controls.SampleApp.csproj", "{538B74B3-93D4-4A44-9ACD-C942844CFFB6}"
EndProject
Project("{FAE04EC0-301F-11D3-BF4B-00C04F79EFBC}") = "WPFDeveloperTools.Tools", "WPFDeveloperTools.Tools\WPFDeveloperTools.Tools.csproj", "{9AA9C49B-5D0C-449B-B216-BE4BD5D4A44D}"
EndProject
Global
	GlobalSection(SolutionConfigurationPlatforms) = preSolution
		Debug|Any CPU = Debug|Any CPU
		Release|Any CPU = Release|Any CPU
	EndGlobalSection
	GlobalSection(ProjectConfigurationPlatforms) = postSolution
		{66D70A94-7FCF-4BB5-895C-0786AC4E2866}.Debug|Any CPU.ActiveCfg = Debug|Any CPU
		{66D70A94-7FCF-4BB5-895C-0786AC4E2866}.Debug|Any CPU.Build.0 = Debug|Any CPU
		{66D70A94-7FCF-4BB5-895C-0786AC4E2866}.Release|Any CPU.ActiveCfg = Release|Any CPU
		{66D70A94-7FCF-4BB5-895C-0786AC4E2866}.Release|Any CPU.Build.0 = Release|Any CPU
		{538B74B3-93D4-4A44-9ACD-C942844CFFB6}.Debug|Any CPU.ActiveCfg = Debug|Any CPU
		{538B74B3-93D4-4A44-9ACD-C942844CFFB6}.Debug|Any CPU.Build.0 = Debug|Any CPU
		{538B74B3-93D4-4A44-9ACD-C942844CFFB6}.Release|Any CPU.ActiveCfg = Release|Any CPU
		{538B74B3-93D4-4A44-9ACD-C942844CFFB6}.Release|Any CPU.Build.0 = Release|Any CPU
		{9AA9C49B-5D0C-449B-B216-BE4BD5D4A44D}.Debug|Any CPU.ActiveCfg = Debug|Any CPU
		{9AA9C49B-5D0C-449B-B216-BE4BD5D4A44D}.Debug|Any CPU.Build.0 = Debug|Any CPU
		{9AA9C49B-5D0C-449B-B216-BE4BD5D4A44D}.Release|Any CPU.ActiveCfg = Release|Any CPU
		{9AA9C49B-5D0C-449B-B216-BE4BD5D4A44D}.Release|Any CPU.Build.0 = Release|Any CPU
	EndGlobalSection
	GlobalSection(SolutionProperties) = preSolution
		HideSolutionNode = FALSE
	EndGlobalSection
	GlobalSection(TeamFoundationVersionControl) = preSolution
		SccNumberOfProjects = 4
		SccEnterpriseProvider = {4CA58AB2-18FA-4F8D-95D4-32DDF27D184C}
		SccTeamFoundationServer = https://tfs06.codeplex.com/
		SccLocalPath0 = .
		SccProjectUniqueName1 = WPFDeveloperTools.Controls.SampleApp\\WPFDeveloperTools.Controls.SampleApp.csproj
		SccProjectName1 = WPFDeveloperTools.Controls.SampleApp
		SccLocalPath1 = WPFDeveloperTools.Controls.SampleApp
		SccProjectUniqueName2 = WPFDeveloperTools.Controls\\WPFDeveloperTools.Controls.csproj
		SccProjectName2 = WPFDeveloperTools.Controls
		SccLocalPath2 = WPFDeveloperTools.Controls
		SccProjectUniqueName3 = WPFDeveloperTools.Tools\\WPFDeveloperTools.Tools.csproj
		SccProjectName3 = WPFDeveloperTools.Tools
		SccLocalPath3 = WPFDeveloperTools.Tools
	EndGlobalSection
EndGlobal
