
Microsoft Visual Studio Solution File, Format Version 9.00
# Visual Studio 2005
Project("{FAE04EC0-301F-11D3-BF4B-00C04F79EFBC}") = "ZIndex", "ZIndex\ZIndex.csproj", "{F9E8E591-9794-4011-A9F7-32B9FCC60521}"
EndProject
Global
	GlobalSection(SolutionConfigurationPlatforms) = preSolution
		Debug|Any CPU = Debug|Any CPU
		Release|Any CPU = Release|Any CPU
	EndGlobalSection
	GlobalSection(ProjectConfigurationPlatforms) = postSolution
		{F9E8E591-9794-4011-A9F7-32B9FCC60521}.Debug|Any CPU.ActiveCfg = Debug|Any CPU
		{F9E8E591-9794-4011-A9F7-32B9FCC60521}.Debug|Any CPU.Build.0 = Debug|Any CPU
		{F9E8E591-9794-4011-A9F7-32B9FCC60521}.Release|Any CPU.ActiveCfg = Release|Any CPU
		{F9E8E591-9794-4011-A9F7-32B9FCC60521}.Release|Any CPU.Build.0 = Release|Any CPU
	EndGlobalSection
	GlobalSection(SolutionProperties) = preSolution
		HideSolutionNode = FALSE
	EndGlobalSection
EndGlobal
