
Microsoft Visual Studio Solution File, Format Version 9.00
# Visual Studio 2008
Project("{FAE04EC0-301F-11D3-BF4B-00C04F79EFBC}") = "Modal", "Modal.csproj", "{D3B12DB8-4F16-4875-86CE-7362123078FE}"
EndProject
Global
	GlobalSection(SolutionConfigurationPlatforms) = preSolution
		Debug|Any CPU = Debug|Any CPU
		Release|Any CPU = Release|Any CPU
	EndGlobalSection
	GlobalSection(ProjectConfigurationPlatforms) = postSolution
		{D3B12DB8-4F16-4875-86CE-7362123078FE}.Debug|Any CPU.ActiveCfg = Debug|Any CPU
		{D3B12DB8-4F16-4875-86CE-7362123078FE}.Debug|Any CPU.Build.0 = Debug|Any CPU
		{D3B12DB8-4F16-4875-86CE-7362123078FE}.Release|Any CPU.ActiveCfg = Release|Any CPU
		{D3B12DB8-4F16-4875-86CE-7362123078FE}.Release|Any CPU.Build.0 = Release|Any CPU
	EndGlobalSection
EndGlobal
