
Microsoft Visual Studio Solution File, Format Version 9.00
# Visual Studio 2005
Project("{FAE04EC0-301F-11D3-BF4B-00C04F79EFBC}") = "StackPanel_Ovw_sample", "StackPanel_Ovw_sample.csproj", "{DB8D3D6B-D23A-43EA-8CD6-9F9E8968D569}"
EndProject
Global
	GlobalSection(SolutionConfigurationPlatforms) = preSolution
		Debug|Any CPU = Debug|Any CPU
	EndGlobalSection
	GlobalSection(ProjectConfigurationPlatforms) = postSolution
		{DB8D3D6B-D23A-43EA-8CD6-9F9E8968D569}.Debug|Any CPU.ActiveCfg = Debug|Any CPU
		{DB8D3D6B-D23A-43EA-8CD6-9F9E8968D569}.Debug|Any CPU.Build.0 = Debug|Any CPU
	EndGlobalSection
	GlobalSection(SolutionProperties) = preSolution
		HideSolutionNode = FALSE
	EndGlobalSection
EndGlobal
