
Microsoft Visual Studio Solution File, Format Version 9.00
# Visual Studio 2005
Project("{FAE04EC0-301F-11D3-BF4B-00C04F79EFBC}") = "WPFLogger", "WPFLogger\WPFLogger.csproj", "{7DD527D0-E9E5-4E13-A18B-E1661350435D}"
EndProject
Global
	GlobalSection(SolutionConfigurationPlatforms) = preSolution
		Debug|Any CPU = Debug|Any CPU
		Release|Any CPU = Release|Any CPU
	EndGlobalSection
	GlobalSection(ProjectConfigurationPlatforms) = postSolution
		{7DD527D0-E9E5-4E13-A18B-E1661350435D}.Debug|Any CPU.ActiveCfg = Debug|Any CPU
		{7DD527D0-E9E5-4E13-A18B-E1661350435D}.Debug|Any CPU.Build.0 = Debug|Any CPU
		{7DD527D0-E9E5-4E13-A18B-E1661350435D}.Release|Any CPU.ActiveCfg = Release|Any CPU
		{7DD527D0-E9E5-4E13-A18B-E1661350435D}.Release|Any CPU.Build.0 = Release|Any CPU
	EndGlobalSection
	GlobalSection(SolutionProperties) = preSolution
		HideSolutionNode = FALSE
	EndGlobalSection
EndGlobal
