
Microsoft Visual Studio Solution File, Format Version 9.00
# Visual Studio 2005
Project("{FAE04EC0-301F-11D3-BF4B-00C04F79EFBC}") = "ControlProps", "ControlProps.csproj", "{B641F192-5E50-4AE0-8D09-BE22C974EBDA}"
EndProject
Global
	GlobalSection(SolutionConfigurationPlatforms) = preSolution
		Debug|Any CPU = Debug|Any CPU
	EndGlobalSection
	GlobalSection(ProjectConfigurationPlatforms) = postSolution
		{B641F192-5E50-4AE0-8D09-BE22C974EBDA}.Debug|Any CPU.ActiveCfg = Debug|Any CPU
		{B641F192-5E50-4AE0-8D09-BE22C974EBDA}.Debug|Any CPU.Build.0 = Debug|Any CPU
	EndGlobalSection
	GlobalSection(SolutionProperties) = preSolution
		HideSolutionNode = FALSE
	EndGlobalSection
EndGlobal
