
Microsoft Visual Studio Solution File, Format Version 9.00
# Visual Studio 2005
Project("{FAE04EC0-301F-11D3-BF4B-00C04F79EFBC}") = "XPGadgets", "XPGadgets.csproj", "{70B54706-826E-4D04-B3AA-A6D0F7D6BE8A}"
	ProjectSection(ProjectDependencies) = postProject
		{63B66C50-E413-450C-A9E7-01AA223B80F9} = {63B66C50-E413-450C-A9E7-01AA223B80F9}
		{F8FDECB4-0264-4B65-9843-58777B9B4D84} = {F8FDECB4-0264-4B65-9843-58777B9B4D84}
		{D8064DDF-877C-4C27-8D2A-962DB81906A0} = {D8064DDF-877C-4C27-8D2A-962DB81906A0}
	EndProjectSection
EndProject
Project("{FAE04EC0-301F-11D3-BF4B-00C04F79EFBC}") = "ClockGadget", "ClockGadget\ClockGadget.csproj", "{63B66C50-E413-450C-A9E7-01AA223B80F9}"
EndProject
Project("{FAE04EC0-301F-11D3-BF4B-00C04F79EFBC}") = "GadgetFramework", "GadgetFramework\GadgetFramework.csproj", "{ADC42747-7362-4A78-A6E5-3879D4E46A82}"
EndProject
Project("{FAE04EC0-301F-11D3-BF4B-00C04F79EFBC}") = "BatteryGadget", "BatteryGadget\BatteryGadget.csproj", "{D8064DDF-877C-4C27-8D2A-962DB81906A0}"
EndProject
Project("{FAE04EC0-301F-11D3-BF4B-00C04F79EFBC}") = "SlideShowGadget", "SlideShowGadget\SlideShowGadget.csproj", "{F8FDECB4-0264-4B65-9843-58777B9B4D84}"
EndProject
Project("{FAE04EC0-301F-11D3-BF4B-00C04F79EFBC}") = "ScratchPadGadget", "ScratchPadGadget\ScratchPadGadget.csproj", "{E8FF55F2-5ED5-4346-8F89-3D38F87C0D85}"
EndProject
Global
	GlobalSection(SolutionConfigurationPlatforms) = preSolution
		Debug|Any CPU = Debug|Any CPU
	EndGlobalSection
	GlobalSection(ProjectConfigurationPlatforms) = postSolution
		{70B54706-826E-4D04-B3AA-A6D0F7D6BE8A}.Debug|Any CPU.ActiveCfg = Debug|Any CPU
		{70B54706-826E-4D04-B3AA-A6D0F7D6BE8A}.Debug|Any CPU.Build.0 = Debug|Any CPU
		{63B66C50-E413-450C-A9E7-01AA223B80F9}.Debug|Any CPU.ActiveCfg = Debug|Any CPU
		{63B66C50-E413-450C-A9E7-01AA223B80F9}.Debug|Any CPU.Build.0 = Debug|Any CPU
		{ADC42747-7362-4A78-A6E5-3879D4E46A82}.Debug|Any CPU.ActiveCfg = Debug|Any CPU
		{ADC42747-7362-4A78-A6E5-3879D4E46A82}.Debug|Any CPU.Build.0 = Debug|Any CPU
		{D8064DDF-877C-4C27-8D2A-962DB81906A0}.Debug|Any CPU.ActiveCfg = Debug|Any CPU
		{D8064DDF-877C-4C27-8D2A-962DB81906A0}.Debug|Any CPU.Build.0 = Debug|Any CPU
		{F8FDECB4-0264-4B65-9843-58777B9B4D84}.Debug|Any CPU.ActiveCfg = Debug|Any CPU
		{F8FDECB4-0264-4B65-9843-58777B9B4D84}.Debug|Any CPU.Build.0 = Debug|Any CPU
		{E8FF55F2-5ED5-4346-8F89-3D38F87C0D85}.Debug|Any CPU.ActiveCfg = Debug|Any CPU
		{E8FF55F2-5ED5-4346-8F89-3D38F87C0D85}.Debug|Any CPU.Build.0 = Debug|Any CPU
	EndGlobalSection
	GlobalSection(SolutionProperties) = preSolution
		HideSolutionNode = FALSE
	EndGlobalSection
EndGlobal
