
Microsoft Visual Studio Solution File, Format Version 9.00
# Visual Studio 2005
Project("{FAE04EC0-301F-11D3-BF4B-00C04F79EFBC}") = "RD.EvolveButton.Sample", "RD.EvolveButton.Sample\RD.EvolveButton.Sample.csproj", "{B8FBC819-FBEC-4CEA-A9D2-C52C571D0852}"
EndProject
Project("{FAE04EC0-301F-11D3-BF4B-00C04F79EFBC}") = "RD.Controls", "RD.Controls\RD.Controls.csproj", "{E1BFF2C9-594B-408F-B5B8-1E520BE47D71}"
EndProject
Global
	GlobalSection(SolutionConfigurationPlatforms) = preSolution
		Debug|Any CPU = Debug|Any CPU
		Release|Any CPU = Release|Any CPU
	EndGlobalSection
	GlobalSection(ProjectConfigurationPlatforms) = postSolution
		{B8FBC819-FBEC-4CEA-A9D2-C52C571D0852}.Debug|Any CPU.ActiveCfg = Debug|Any CPU
		{B8FBC819-FBEC-4CEA-A9D2-C52C571D0852}.Debug|Any CPU.Build.0 = Debug|Any CPU
		{B8FBC819-FBEC-4CEA-A9D2-C52C571D0852}.Release|Any CPU.ActiveCfg = Release|Any CPU
		{B8FBC819-FBEC-4CEA-A9D2-C52C571D0852}.Release|Any CPU.Build.0 = Release|Any CPU
		{E1BFF2C9-594B-408F-B5B8-1E520BE47D71}.Debug|Any CPU.ActiveCfg = Debug|Any CPU
		{E1BFF2C9-594B-408F-B5B8-1E520BE47D71}.Debug|Any CPU.Build.0 = Debug|Any CPU
		{E1BFF2C9-594B-408F-B5B8-1E520BE47D71}.Release|Any CPU.ActiveCfg = Release|Any CPU
		{E1BFF2C9-594B-408F-B5B8-1E520BE47D71}.Release|Any CPU.Build.0 = Release|Any CPU
	EndGlobalSection
	GlobalSection(SolutionProperties) = preSolution
		HideSolutionNode = FALSE
	EndGlobalSection
EndGlobal
