
Microsoft Visual Studio Solution File, Format Version 10.00
# Visual Studio 2008
Project("{FAE04EC0-301F-11D3-BF4B-00C04F79EFBC}") = "WpfDesigns1", "WpfDesigns1\WpfDesigns1.csproj", "{F8640AA3-3EA4-46AC-9475-5C1FB2BBAC44}"
EndProject
Project("{FAE04EC0-301F-11D3-BF4B-00C04F79EFBC}") = "WpfDesigns3", "WpfDesigns3\WpfDesigns3.csproj", "{5C3BE711-7C02-42FD-AF71-5AE6E451AB10}"
EndProject
Project("{FAE04EC0-301F-11D3-BF4B-00C04F79EFBC}") = "WpfDesigns2", "WpfDesigns2\WpfDesigns2.csproj", "{F53392FC-CE5A-499D-9059-666922DC1503}"
EndProject
Project("{FAE04EC0-301F-11D3-BF4B-00C04F79EFBC}") = "WpfDesigns4", "WpfDesigns4\WpfDesigns4.csproj", "{94CE01D2-FF96-4409-85A0-E76D783B688B}"
EndProject
Global
	GlobalSection(SolutionConfigurationPlatforms) = preSolution
		Debug|Any CPU = Debug|Any CPU
		Release|Any CPU = Release|Any CPU
	EndGlobalSection
	GlobalSection(ProjectConfigurationPlatforms) = postSolution
		{F8640AA3-3EA4-46AC-9475-5C1FB2BBAC44}.Debug|Any CPU.ActiveCfg = Debug|Any CPU
		{F8640AA3-3EA4-46AC-9475-5C1FB2BBAC44}.Debug|Any CPU.Build.0 = Debug|Any CPU
		{F8640AA3-3EA4-46AC-9475-5C1FB2BBAC44}.Release|Any CPU.ActiveCfg = Release|Any CPU
		{F8640AA3-3EA4-46AC-9475-5C1FB2BBAC44}.Release|Any CPU.Build.0 = Release|Any CPU
		{5C3BE711-7C02-42FD-AF71-5AE6E451AB10}.Debug|Any CPU.ActiveCfg = Debug|Any CPU
		{5C3BE711-7C02-42FD-AF71-5AE6E451AB10}.Debug|Any CPU.Build.0 = Debug|Any CPU
		{5C3BE711-7C02-42FD-AF71-5AE6E451AB10}.Release|Any CPU.ActiveCfg = Release|Any CPU
		{5C3BE711-7C02-42FD-AF71-5AE6E451AB10}.Release|Any CPU.Build.0 = Release|Any CPU
		{F53392FC-CE5A-499D-9059-666922DC1503}.Debug|Any CPU.ActiveCfg = Debug|Any CPU
		{F53392FC-CE5A-499D-9059-666922DC1503}.Debug|Any CPU.Build.0 = Debug|Any CPU
		{F53392FC-CE5A-499D-9059-666922DC1503}.Release|Any CPU.ActiveCfg = Release|Any CPU
		{F53392FC-CE5A-499D-9059-666922DC1503}.Release|Any CPU.Build.0 = Release|Any CPU
		{94CE01D2-FF96-4409-85A0-E76D783B688B}.Debug|Any CPU.ActiveCfg = Debug|Any CPU
		{94CE01D2-FF96-4409-85A0-E76D783B688B}.Debug|Any CPU.Build.0 = Debug|Any CPU
		{94CE01D2-FF96-4409-85A0-E76D783B688B}.Release|Any CPU.ActiveCfg = Release|Any CPU
		{94CE01D2-FF96-4409-85A0-E76D783B688B}.Release|Any CPU.Build.0 = Release|Any CPU
	EndGlobalSection
	GlobalSection(SolutionProperties) = preSolution
		HideSolutionNode = FALSE
	EndGlobalSection
EndGlobal
