
Microsoft Visual Studio Solution File, Format Version 9.00
# Visual Studio 2005
Project("{FAE04EC0-301F-11D3-BF4B-00C04F79EFBC}") = "AnimatedPopup", "AnimatedPopup.csproj", "{B9817AB5-DF39-41F5-B327-F7D53F620CC4}"
EndProject
Global
	GlobalSection(SolutionConfigurationPlatforms) = preSolution
		Debug|Any CPU = Debug|Any CPU
	EndGlobalSection
	GlobalSection(ProjectConfigurationPlatforms) = postSolution
		{B9817AB5-DF39-41F5-B327-F7D53F620CC4}.Debug|Any CPU.ActiveCfg = Debug|Any CPU
		{B9817AB5-DF39-41F5-B327-F7D53F620CC4}.Debug|Any CPU.Build.0 = Debug|Any CPU
	EndGlobalSection
	GlobalSection(SolutionProperties) = preSolution
		HideSolutionNode = FALSE
	EndGlobalSection
EndGlobal
