
Microsoft Visual Studio Solution File, Format Version 10.00
# Visual Studio 2008
Project("{FAE04EC0-301F-11D3-BF4B-00C04F79EFBC}") = "WPFAnimationsOverview", "WPFAnimationsOverview.csproj", "{B299BB49-5042-49A7-903D-A1547AA69DBE}"
EndProject
Global
	GlobalSection(SolutionConfigurationPlatforms) = preSolution
		Debug|Any CPU = Debug|Any CPU
	EndGlobalSection
	GlobalSection(ProjectConfigurationPlatforms) = postSolution
		{B299BB49-5042-49A7-903D-A1547AA69DBE}.Debug|Any CPU.ActiveCfg = Debug|Any CPU
		{B299BB49-5042-49A7-903D-A1547AA69DBE}.Debug|Any CPU.Build.0 = Debug|Any CPU
	EndGlobalSection
	GlobalSection(SolutionProperties) = preSolution
		HideSolutionNode = FALSE
	EndGlobalSection
EndGlobal
