
Microsoft Visual Studio Solution File, Format Version 10.00
# Visual Studio 2008
Project("{FAE04EC0-301F-11D3-BF4B-00C04F79EFBC}") = "WindowsApplication9", "WindowsApplication9.csproj", "{DE324050-A937-43F4-94D6-B4A7BC9E5ECB}"
EndProject
Global
	GlobalSection(SolutionConfigurationPlatforms) = preSolution
		Debug|Any CPU = Debug|Any CPU
		Release|Any CPU = Release|Any CPU
	EndGlobalSection
	GlobalSection(ProjectConfigurationPlatforms) = postSolution
		{DE324050-A937-43F4-94D6-B4A7BC9E5ECB}.Debug|Any CPU.ActiveCfg = Debug|Any CPU
		{DE324050-A937-43F4-94D6-B4A7BC9E5ECB}.Debug|Any CPU.Build.0 = Debug|Any CPU
		{DE324050-A937-43F4-94D6-B4A7BC9E5ECB}.Release|Any CPU.ActiveCfg = Release|Any CPU
		{DE324050-A937-43F4-94D6-B4A7BC9E5ECB}.Release|Any CPU.Build.0 = Release|Any CPU
	EndGlobalSection
	GlobalSection(SolutionProperties) = preSolution
		HideSolutionNode = FALSE
	EndGlobalSection
EndGlobal
