
Microsoft Visual Studio Solution File, Format Version 10.00
# Visual Studio 2008
Project("{FAE04EC0-301F-11D3-BF4B-00C04F79EFBC}") = "UpdatedTilePanel", "UpdatedTilePanel.csproj", "{15960ED3-BE9F-46F8-9EB3-9D01B8968E13}"
EndProject
Global
	GlobalSection(SolutionConfigurationPlatforms) = preSolution
		Debug|Any CPU = Debug|Any CPU
		Release|Any CPU = Release|Any CPU
	EndGlobalSection
	GlobalSection(ProjectConfigurationPlatforms) = postSolution
		{15960ED3-BE9F-46F8-9EB3-9D01B8968E13}.Debug|Any CPU.ActiveCfg = Debug|Any CPU
		{15960ED3-BE9F-46F8-9EB3-9D01B8968E13}.Debug|Any CPU.Build.0 = Debug|Any CPU
		{15960ED3-BE9F-46F8-9EB3-9D01B8968E13}.Release|Any CPU.ActiveCfg = Release|Any CPU
		{15960ED3-BE9F-46F8-9EB3-9D01B8968E13}.Release|Any CPU.Build.0 = Release|Any CPU
	EndGlobalSection
	GlobalSection(SolutionProperties) = preSolution
		HideSolutionNode = FALSE
	EndGlobalSection
EndGlobal
