
Microsoft Visual Studio Solution File, Format Version 9.00
# Visual Studio 2005
Project("{FAE04EC0-301F-11D3-BF4B-00C04F79EFBC}") = "AnimationCollab", "AnimationCollab\AnimationCollab.csproj", "{0EB41E44-758C-4E60-952A-F2DBDC5452AD}"
EndProject
Global
	GlobalSection(SolutionConfigurationPlatforms) = preSolution
		Debug|Any CPU = Debug|Any CPU
		Release|Any CPU = Release|Any CPU
		XBAP Debug|Any CPU = XBAP Debug|Any CPU
		XBAP Release|Any CPU = XBAP Release|Any CPU
	EndGlobalSection
	GlobalSection(ProjectConfigurationPlatforms) = postSolution
		{0EB41E44-758C-4E60-952A-F2DBDC5452AD}.Debug|Any CPU.ActiveCfg = Debug|Any CPU
		{0EB41E44-758C-4E60-952A-F2DBDC5452AD}.Debug|Any CPU.Build.0 = Debug|Any CPU
		{0EB41E44-758C-4E60-952A-F2DBDC5452AD}.Release|Any CPU.ActiveCfg = Release|Any CPU
		{0EB41E44-758C-4E60-952A-F2DBDC5452AD}.Release|Any CPU.Build.0 = Release|Any CPU
		{0EB41E44-758C-4E60-952A-F2DBDC5452AD}.XBAP Debug|Any CPU.ActiveCfg = XBAP Debug|Any CPU
		{0EB41E44-758C-4E60-952A-F2DBDC5452AD}.XBAP Debug|Any CPU.Build.0 = XBAP Debug|Any CPU
		{0EB41E44-758C-4E60-952A-F2DBDC5452AD}.XBAP Release|Any CPU.ActiveCfg = XBAP Release|Any CPU
		{0EB41E44-758C-4E60-952A-F2DBDC5452AD}.XBAP Release|Any CPU.Build.0 = XBAP Release|Any CPU
	EndGlobalSection
	GlobalSection(SolutionProperties) = preSolution
		HideSolutionNode = FALSE
	EndGlobalSection
EndGlobal
