
Microsoft Visual Studio Solution File, Format Version 9.00
# Visual Studio 2005
Project("{FAE04EC0-301F-11D3-BF4B-00C04F79EFBC}") = "FortesPanelPack", "FortesPanelPack\FortesPanelPack.csproj", "{47EDC11D-8EAF-477C-A342-E672F17A709A}"
EndProject
Project("{FAE04EC0-301F-11D3-BF4B-00C04F79EFBC}") = "TestAndSamples", "TestAndSamples\TestAndSamples.csproj", "{0ED11A43-4F72-4BC7-A861-AA7130A36DEA}"
EndProject
Global
	GlobalSection(SolutionConfigurationPlatforms) = preSolution
		Debug|Any CPU = Debug|Any CPU
		Release|Any CPU = Release|Any CPU
	EndGlobalSection
	GlobalSection(ProjectConfigurationPlatforms) = postSolution
		{47EDC11D-8EAF-477C-A342-E672F17A709A}.Debug|Any CPU.ActiveCfg = Debug|Any CPU
		{47EDC11D-8EAF-477C-A342-E672F17A709A}.Debug|Any CPU.Build.0 = Debug|Any CPU
		{47EDC11D-8EAF-477C-A342-E672F17A709A}.Release|Any CPU.ActiveCfg = Release|Any CPU
		{47EDC11D-8EAF-477C-A342-E672F17A709A}.Release|Any CPU.Build.0 = Release|Any CPU
		{0ED11A43-4F72-4BC7-A861-AA7130A36DEA}.Debug|Any CPU.ActiveCfg = Debug|Any CPU
		{0ED11A43-4F72-4BC7-A861-AA7130A36DEA}.Debug|Any CPU.Build.0 = Debug|Any CPU
		{0ED11A43-4F72-4BC7-A861-AA7130A36DEA}.Release|Any CPU.ActiveCfg = Release|Any CPU
		{0ED11A43-4F72-4BC7-A861-AA7130A36DEA}.Release|Any CPU.Build.0 = Release|Any CPU
	EndGlobalSection
	GlobalSection(SolutionProperties) = preSolution
		HideSolutionNode = FALSE
	EndGlobalSection
EndGlobal
