
Microsoft Visual Studio Solution File, Format Version 9.00
# Visual Studio 2005
Project("{FAE04EC0-301F-11D3-BF4B-00C04F79EFBC}") = "FlowDocument_Viewer", "FlowDocument_Viewer.csproj", "{ABEA2C54-4757-4DF2-9DD2-A6537D608127}"
EndProject
Global
	GlobalSection(SolutionConfigurationPlatforms) = preSolution
		Debug|Any CPU = Debug|Any CPU
	EndGlobalSection
	GlobalSection(ProjectConfigurationPlatforms) = postSolution
		{ABEA2C54-4757-4DF2-9DD2-A6537D608127}.Debug|Any CPU.ActiveCfg = Debug|Any CPU
		{ABEA2C54-4757-4DF2-9DD2-A6537D608127}.Debug|Any CPU.Build.0 = Debug|Any CPU
	EndGlobalSection
	GlobalSection(SolutionProperties) = preSolution
		HideSolutionNode = FALSE
	EndGlobalSection
EndGlobal
