
Microsoft Visual Studio Solution File, Format Version 9.00
# Visual Studio 2005
Project("{FAE04EC0-301F-11D3-BF4B-00C04F79EFBC}") = "ComboBoxStyles", "ComboBoxStyles.csproj", "{424C8D78-6491-4026-A342-2A57EB0A60ED}"
EndProject
Global
	GlobalSection(SolutionConfigurationPlatforms) = preSolution
		Debug|Any CPU = Debug|Any CPU
	EndGlobalSection
	GlobalSection(ProjectConfigurationPlatforms) = postSolution
		{424C8D78-6491-4026-A342-2A57EB0A60ED}.Debug|Any CPU.ActiveCfg = Debug|Any CPU
		{424C8D78-6491-4026-A342-2A57EB0A60ED}.Debug|Any CPU.Build.0 = Debug|Any CPU
	EndGlobalSection
	GlobalSection(SolutionProperties) = preSolution
		HideSolutionNode = FALSE
	EndGlobalSection
EndGlobal
